
Microsoft Visual Studio Solution File, Format Version 12.00
# Visual Studio Version 17
VisualStudioVersion = 17.7.34024.191
MinimumVisualStudioVersion = 10.0.40219.1
Project("{9A19103F-16F7-4668-BE54-9A1E7A4F7556}") = "notepad--", "Notepad-- Raylib\notepad--.csproj", "{AC77826E-ECAD-4115-9C38-E051B526F822}"
EndProject
Global
	GlobalSection(SolutionConfigurationPlatforms) = preSolution
		Debug|Any CPU = Debug|Any CPU
		Release|Any CPU = Release|Any CPU
	EndGlobalSection
	GlobalSection(ProjectConfigurationPlatforms) = postSolution
		{AC77826E-ECAD-4115-9C38-E051B526F822}.Debug|Any CPU.ActiveCfg = Debug|Any CPU
		{AC77826E-ECAD-4115-9C38-E051B526F822}.Debug|Any CPU.Build.0 = Debug|Any CPU
		{AC77826E-ECAD-4115-9C38-E051B526F822}.Release|Any CPU.ActiveCfg = Release|Any CPU
		{AC77826E-ECAD-4115-9C38-E051B526F822}.Release|Any CPU.Build.0 = Release|Any CPU
	EndGlobalSection
	GlobalSection(SolutionProperties) = preSolution
		HideSolutionNode = FALSE
	EndGlobalSection
	GlobalSection(ExtensibilityGlobals) = postSolution
		SolutionGuid = {CB2ECD92-8E51-4A26-9CD0-90F3B601568F}
	EndGlobalSection
EndGlobal
